{
    "_readme": [
        "This file locks the dependencies of your project to a known state",
        "Read more about it at https://getcomposer.org/doc/01-basic-usage.md#composer-lock-the-lock-file",
        "This file is @generated automatically"
    ],
    "hash": "abe88c32102d67123cfbf30512807d6f",
    "packages": [
        {
            "name": "joshtronic/php-googleplaces",
            "version": "dev-master",
            "source": {
                "type": "git",
                "url": "https://github.com/joshtronic/php-googleplaces.git",
                "reference": "c72e2b06e1a2dcf7fa6d9b34fbe2d72edc68b012"
            },
            "dist": {
                "type": "zip",
                "url": "https://api.github.com/repos/joshtronic/php-googleplaces/zipball/c72e2b06e1a2dcf7fa6d9b34fbe2d72edc68b012",
                "reference": "c72e2b06e1a2dcf7fa6d9b34fbe2d72edc68b012",
                "shasum": ""
            },
            "require": {
                "php": ">=5.3.0"
            },
            "require-dev": {
                "satooshi/php-coveralls": "dev-master"
            },
            "type": "library",
            "autoload": {
                "psr-4": {
                    "joshtronic\\": "src/"
                }
            },
            "notification-url": "https://packagist.org/downloads/",
            "license": [
                "MIT"
            ],
            "authors": [
                {
                    "name": "Josh Sherman",
                    "email": "josh@gravityblvd.com",
                    "homepage": "http://joshtronic.com"
                }
            ],
            "description": "PHP Wrapper for the Google Places API",
            "homepage": "https://github.com/joshtronic/php-googleplaces",
            "keywords": [
                "api",
                "google",
                "places"
            ],
            "time": "2014-09-20 19:38:53"
        },
        {
            "name": "jpgraph/jpgraph",
            "version": "dev-master",
            "source": {
                "type": "git",
                "url": "https://github.com/ztec/JpGraph.git",
                "reference": "ad26df5941e847cf1255aecd2011ce16207304cf"
            },
            "dist": {
                "type": "zip",
                "url": "https://api.github.com/repos/ztec/JpGraph/zipball/ad26df5941e847cf1255aecd2011ce16207304cf",
                "reference": "ad26df5941e847cf1255aecd2011ce16207304cf",
                "shasum": ""
            },
            "type": "library",
            "autoload": {
                "psr-0": {
                    "JpGraph": "lib/"
                }
            },
            "notification-url": "https://packagist.org/downloads/",
            "license": [
                "QPL 1.0"
            ],
            "authors": [
                {
                    "name": "JpGraph team"
                }
            ],
            "description": "jpGraph, library to make graphs and charts",
            "homepage": "http://jpgraph.net/",
            "keywords": [
                "chart",
                "data",
                "graph",
                "jpgraph",
                "pie"
            ],
            "time": "2013-05-23 14:04:00"
        },
        {
            "name": "twig/twig",
            "version": "v1.18.0",
            "source": {
                "type": "git",
                "url": "https://github.com/twigphp/Twig.git",
                "reference": "4cf7464348e7f9893a93f7096a90b73722be99cf"
            },
            "dist": {
                "type": "zip",
                "url": "https://api.github.com/repos/twigphp/Twig/zipball/4cf7464348e7f9893a93f7096a90b73722be99cf",
                "reference": "4cf7464348e7f9893a93f7096a90b73722be99cf",
                "shasum": ""
            },
            "require": {
                "php": ">=5.2.4"
            },
            "type": "library",
            "extra": {
                "branch-alias": {
                    "dev-master": "1.18-dev"
                }
            },
            "autoload": {
                "psr-0": {
                    "Twig_": "lib/"
                }
            },
            "notification-url": "https://packagist.org/downloads/",
            "license": [
                "BSD-3-Clause"
            ],
            "authors": [
                {
                    "name": "Fabien Potencier",
                    "email": "fabien@symfony.com",
                    "homepage": "http://fabien.potencier.org",
                    "role": "Lead Developer"
                },
                {
                    "name": "Armin Ronacher",
                    "email": "armin.ronacher@active-4.com",
                    "role": "Project Founder"
                },
                {
                    "name": "Twig Team",
                    "homepage": "http://twig.sensiolabs.org/contributors",
                    "role": "Contributors"
                }
            ],
            "description": "Twig, the flexible, fast, and secure template language for PHP",
            "homepage": "http://twig.sensiolabs.org",
            "keywords": [
                "templating"
            ],
            "time": "2015-01-25 17:32:08"
        }
    ],
    "packages-dev": [],
    "aliases": [],
    "minimum-stability": "stable",
    "stability-flags": {
        "joshtronic/php-googleplaces": 20,
        "jpgraph/jpgraph": 20
    },
    "prefer-stable": false,
    "prefer-lowest": false,
    "platform": [],
    "platform-dev": []
}
